
Microsoft Visual Studio Solution File, Format Version 12.00
# Visual Studio 15
VisualStudioVersion = 15.0.26124.0
MinimumVisualStudioVersion = 15.0.26124.0
Project("{2150E333-8FDC-42A3-9474-1A3956D46DE8}") = "src", "src", "{8289FAF6-8136-4B2C-B73C-B15F1B1FC939}"
EndProject
Project("{F2A71F9B-5D33-465A-A702-920D77279786}") = "LibExecution", "src\LibExecution\LibExecution.fsproj", "{79574C0A-241C-4D89-84A5-1A0070632C25}"
EndProject
Project("{F2A71F9B-5D33-465A-A702-920D77279786}") = "EditorServer", "src\EditorServer\EditorServer.fsproj", "{D71AD473-D0ED-4E3D-ADCB-2FF78490CAED}"
EndProject
Global
	GlobalSection(SolutionConfigurationPlatforms) = preSolution
		Debug|Any CPU = Debug|Any CPU
		Debug|x64 = Debug|x64
		Debug|x86 = Debug|x86
		Release|Any CPU = Release|Any CPU
		Release|x64 = Release|x64
		Release|x86 = Release|x86
	EndGlobalSection
	GlobalSection(SolutionProperties) = preSolution
		HideSolutionNode = FALSE
	EndGlobalSection
	GlobalSection(ProjectConfigurationPlatforms) = postSolution
		{79574C0A-241C-4D89-84A5-1A0070632C25}.Debug|Any CPU.ActiveCfg = Debug|Any CPU
		{79574C0A-241C-4D89-84A5-1A0070632C25}.Debug|Any CPU.Build.0 = Debug|Any CPU
		{79574C0A-241C-4D89-84A5-1A0070632C25}.Debug|x64.ActiveCfg = Debug|Any CPU
		{79574C0A-241C-4D89-84A5-1A0070632C25}.Debug|x64.Build.0 = Debug|Any CPU
		{79574C0A-241C-4D89-84A5-1A0070632C25}.Debug|x86.ActiveCfg = Debug|Any CPU
		{79574C0A-241C-4D89-84A5-1A0070632C25}.Debug|x86.Build.0 = Debug|Any CPU
		{79574C0A-241C-4D89-84A5-1A0070632C25}.Release|Any CPU.ActiveCfg = Release|Any CPU
		{79574C0A-241C-4D89-84A5-1A0070632C25}.Release|Any CPU.Build.0 = Release|Any CPU
		{79574C0A-241C-4D89-84A5-1A0070632C25}.Release|x64.ActiveCfg = Release|Any CPU
		{79574C0A-241C-4D89-84A5-1A0070632C25}.Release|x64.Build.0 = Release|Any CPU
		{79574C0A-241C-4D89-84A5-1A0070632C25}.Release|x86.ActiveCfg = Release|Any CPU
		{79574C0A-241C-4D89-84A5-1A0070632C25}.Release|x86.Build.0 = Release|Any CPU
		{D71AD473-D0ED-4E3D-ADCB-2FF78490CAED}.Debug|Any CPU.ActiveCfg = Debug|Any CPU
		{D71AD473-D0ED-4E3D-ADCB-2FF78490CAED}.Debug|Any CPU.Build.0 = Debug|Any CPU
		{D71AD473-D0ED-4E3D-ADCB-2FF78490CAED}.Debug|x64.ActiveCfg = Debug|Any CPU
		{D71AD473-D0ED-4E3D-ADCB-2FF78490CAED}.Debug|x64.Build.0 = Debug|Any CPU
		{D71AD473-D0ED-4E3D-ADCB-2FF78490CAED}.Debug|x86.ActiveCfg = Debug|Any CPU
		{D71AD473-D0ED-4E3D-ADCB-2FF78490CAED}.Debug|x86.Build.0 = Debug|Any CPU
		{D71AD473-D0ED-4E3D-ADCB-2FF78490CAED}.Release|Any CPU.ActiveCfg = Release|Any CPU
		{D71AD473-D0ED-4E3D-ADCB-2FF78490CAED}.Release|Any CPU.Build.0 = Release|Any CPU
		{D71AD473-D0ED-4E3D-ADCB-2FF78490CAED}.Release|x64.ActiveCfg = Release|Any CPU
		{D71AD473-D0ED-4E3D-ADCB-2FF78490CAED}.Release|x64.Build.0 = Release|Any CPU
		{D71AD473-D0ED-4E3D-ADCB-2FF78490CAED}.Release|x86.ActiveCfg = Release|Any CPU
		{D71AD473-D0ED-4E3D-ADCB-2FF78490CAED}.Release|x86.Build.0 = Release|Any CPU
	EndGlobalSection
	GlobalSection(NestedProjects) = preSolution
		{79574C0A-241C-4D89-84A5-1A0070632C25} = {8289FAF6-8136-4B2C-B73C-B15F1B1FC939}
		{D71AD473-D0ED-4E3D-ADCB-2FF78490CAED} = {8289FAF6-8136-4B2C-B73C-B15F1B1FC939}
	EndGlobalSection
EndGlobal
