
Microsoft Visual Studio Solution File, Format Version 12.00
# Visual Studio 15
VisualStudioVersion = 15.0.26124.0
MinimumVisualStudioVersion = 15.0.26124.0
Project("{2150E333-8FDC-42A3-9474-1A3956D46DE8}") = "src", "src", "{FA711A0D-5380-4783-A650-12663EEBC665}"
EndProject
Project("{F2A71F9B-5D33-465A-A702-920D77279786}") = "EditorServer", "src\EditorServer\EditorServer.fsproj", "{8069D1F8-F99E-478A-ABF1-484E21AC76B9}"
EndProject
Project("{F2A71F9B-5D33-465A-A702-920D77279786}") = "LibExecution", "src\LibExecution\LibExecution.fsproj", "{CA32A54B-0AC5-4DF7-9EA3-118FB28A8D14}"
EndProject
Global
	GlobalSection(SolutionConfigurationPlatforms) = preSolution
		Debug|Any CPU = Debug|Any CPU
		Debug|x64 = Debug|x64
		Debug|x86 = Debug|x86
		Release|Any CPU = Release|Any CPU
		Release|x64 = Release|x64
		Release|x86 = Release|x86
	EndGlobalSection
	GlobalSection(SolutionProperties) = preSolution
		HideSolutionNode = FALSE
	EndGlobalSection
	GlobalSection(ProjectConfigurationPlatforms) = postSolution
		{8069D1F8-F99E-478A-ABF1-484E21AC76B9}.Debug|Any CPU.ActiveCfg = Debug|Any CPU
		{8069D1F8-F99E-478A-ABF1-484E21AC76B9}.Debug|Any CPU.Build.0 = Debug|Any CPU
		{8069D1F8-F99E-478A-ABF1-484E21AC76B9}.Debug|x64.ActiveCfg = Debug|Any CPU
		{8069D1F8-F99E-478A-ABF1-484E21AC76B9}.Debug|x64.Build.0 = Debug|Any CPU
		{8069D1F8-F99E-478A-ABF1-484E21AC76B9}.Debug|x86.ActiveCfg = Debug|Any CPU
		{8069D1F8-F99E-478A-ABF1-484E21AC76B9}.Debug|x86.Build.0 = Debug|Any CPU
		{8069D1F8-F99E-478A-ABF1-484E21AC76B9}.Release|Any CPU.ActiveCfg = Release|Any CPU
		{8069D1F8-F99E-478A-ABF1-484E21AC76B9}.Release|Any CPU.Build.0 = Release|Any CPU
		{8069D1F8-F99E-478A-ABF1-484E21AC76B9}.Release|x64.ActiveCfg = Release|Any CPU
		{8069D1F8-F99E-478A-ABF1-484E21AC76B9}.Release|x64.Build.0 = Release|Any CPU
		{8069D1F8-F99E-478A-ABF1-484E21AC76B9}.Release|x86.ActiveCfg = Release|Any CPU
		{8069D1F8-F99E-478A-ABF1-484E21AC76B9}.Release|x86.Build.0 = Release|Any CPU
		{CA32A54B-0AC5-4DF7-9EA3-118FB28A8D14}.Debug|Any CPU.ActiveCfg = Debug|Any CPU
		{CA32A54B-0AC5-4DF7-9EA3-118FB28A8D14}.Debug|Any CPU.Build.0 = Debug|Any CPU
		{CA32A54B-0AC5-4DF7-9EA3-118FB28A8D14}.Debug|x64.ActiveCfg = Debug|Any CPU
		{CA32A54B-0AC5-4DF7-9EA3-118FB28A8D14}.Debug|x64.Build.0 = Debug|Any CPU
		{CA32A54B-0AC5-4DF7-9EA3-118FB28A8D14}.Debug|x86.ActiveCfg = Debug|Any CPU
		{CA32A54B-0AC5-4DF7-9EA3-118FB28A8D14}.Debug|x86.Build.0 = Debug|Any CPU
		{CA32A54B-0AC5-4DF7-9EA3-118FB28A8D14}.Release|Any CPU.ActiveCfg = Release|Any CPU
		{CA32A54B-0AC5-4DF7-9EA3-118FB28A8D14}.Release|Any CPU.Build.0 = Release|Any CPU
		{CA32A54B-0AC5-4DF7-9EA3-118FB28A8D14}.Release|x64.ActiveCfg = Release|Any CPU
		{CA32A54B-0AC5-4DF7-9EA3-118FB28A8D14}.Release|x64.Build.0 = Release|Any CPU
		{CA32A54B-0AC5-4DF7-9EA3-118FB28A8D14}.Release|x86.ActiveCfg = Release|Any CPU
		{CA32A54B-0AC5-4DF7-9EA3-118FB28A8D14}.Release|x86.Build.0 = Release|Any CPU
	EndGlobalSection
	GlobalSection(NestedProjects) = preSolution
		{8069D1F8-F99E-478A-ABF1-484E21AC76B9} = {FA711A0D-5380-4783-A650-12663EEBC665}
		{CA32A54B-0AC5-4DF7-9EA3-118FB28A8D14} = {FA711A0D-5380-4783-A650-12663EEBC665}
	EndGlobalSection
EndGlobal
